github.com/ishidawataru/sctp v0.0.0-20210707070123-9a39160e9062 h1:G1+wBT0dwjIrBdLy0MIG0i+E4CQxEnedHXdauJEIH6g=
github.com/ishidawataru/sctp v0.0.0-20210707070123-9a39160e9062/go.mod h1:co9pwDoBCm1kGxawmb4sPq0cSIOOWNPT4KnHotMP1Zg=
github.com/looplab/fsm v0.3.0 h1:kIgNS3Yyud1tyxhG8kDqh853B7QqwnlWdgL3TD2s3Sw=
github.com/looplab/fsm v0.3.0/go.mod h1:PmD3fFvQEIsjMEfvZdrCDZ6y8VwKTwWNjlpEr6IKPO4=
